
Microsoft Visual Studio Solution File, Format Version 12.00
# Visual Studio Version 16
VisualStudioVersion = 16.0.31729.503
MinimumVisualStudioVersion = 10.0.40219.1
Project("{8BC9CEB8-8B4A-11D0-8D11-00A0C91BC942}") = "伪数组（给定下标距离数组起始的距离）", "伪数组（给定下标距离数组起始的距离）.vcxproj", "{0C366DE2-0D85-4E4C-BB30-480E6DDEAF94}"
EndProject
Global
	GlobalSection(SolutionConfigurationPlatforms) = preSolution
		Debug|x64 = Debug|x64
		Debug|x86 = Debug|x86
		Release|x64 = Release|x64
		Release|x86 = Release|x86
	EndGlobalSection
	GlobalSection(ProjectConfigurationPlatforms) = postSolution
		{0C366DE2-0D85-4E4C-BB30-480E6DDEAF94}.Debug|x64.ActiveCfg = Debug|x64
		{0C366DE2-0D85-4E4C-BB30-480E6DDEAF94}.Debug|x64.Build.0 = Debug|x64
		{0C366DE2-0D85-4E4C-BB30-480E6DDEAF94}.Debug|x86.ActiveCfg = Debug|Win32
		{0C366DE2-0D85-4E4C-BB30-480E6DDEAF94}.Debug|x86.Build.0 = Debug|Win32
		{0C366DE2-0D85-4E4C-BB30-480E6DDEAF94}.Release|x64.ActiveCfg = Release|x64
		{0C366DE2-0D85-4E4C-BB30-480E6DDEAF94}.Release|x64.Build.0 = Release|x64
		{0C366DE2-0D85-4E4C-BB30-480E6DDEAF94}.Release|x86.ActiveCfg = Release|Win32
		{0C366DE2-0D85-4E4C-BB30-480E6DDEAF94}.Release|x86.Build.0 = Release|Win32
	EndGlobalSection
	GlobalSection(SolutionProperties) = preSolution
		HideSolutionNode = FALSE
	EndGlobalSection
	GlobalSection(ExtensibilityGlobals) = postSolution
		SolutionGuid = {8DD1B067-FA7F-49CF-8340-5ADA6A88BBC4}
	EndGlobalSection
EndGlobal
